
Microsoft Visual Studio Solution File, Format Version 12.00
# Visual Studio Version 17
VisualStudioVersion = 17.9.34607.119
MinimumVisualStudioVersion = 10.0.40219.1
Project("{9A19103F-16F7-4668-BE54-9A1E7A4F7556}") = "GestorPassword.Infrastructure.Identity", "GestorPassword.Identity\GestorPassword.Infrastructure.Identity.csproj", "{786FEDA8-FCC5-4F85-98AE-936DC6FBD71B}"
EndProject
Project("{2150E333-8FDC-42A3-9474-1A3956D46DE8}") = "Source", "Source", "{D96DCEBF-742F-411C-A159-AA3FCEDD5E7B}"
EndProject
Project("{2150E333-8FDC-42A3-9474-1A3956D46DE8}") = "Core", "Core", "{C2C5FB52-00D6-49F9-A15E-EAAACB51304E}"
EndProject
Project("{2150E333-8FDC-42A3-9474-1A3956D46DE8}") = "Prensentation", "Prensentation", "{4EE18CA1-9DFD-41F3-83C6-66989CA78A3E}"
EndProject
Project("{2150E333-8FDC-42A3-9474-1A3956D46DE8}") = "Infrastructure", "Infrastructure", "{B9294E25-E299-40E7-A664-E35995DB3A16}"
EndProject
Project("{9A19103F-16F7-4668-BE54-9A1E7A4F7556}") = "GestorPassword.Infrastructure.Persistence", "GestorPassword.Infrastructure.Persistence\GestorPassword.Infrastructure.Persistence.csproj", "{5ADF76AF-F9FB-4D6A-8601-7AAC357DB547}"
EndProject
Project("{9A19103F-16F7-4668-BE54-9A1E7A4F7556}") = "GestorPassword.Core.Domain", "GestorPassword.Core.Domain\GestorPassword.Core.Domain.csproj", "{BB9CF56E-4279-42A3-9CAD-4D0760475184}"
EndProject
Project("{9A19103F-16F7-4668-BE54-9A1E7A4F7556}") = "GestorPassword.Core.Application", "GestorPassword.Core.Application\GestorPassword.Core.Application.csproj", "{208C801B-70BB-4942-8DAF-EAA2DE6D9463}"
EndProject
Project("{9A19103F-16F7-4668-BE54-9A1E7A4F7556}") = "GestorPassword.Infrastructure.Shared", "GestorPassword.Infrastructure.Shared\GestorPassword.Infrastructure.Shared.csproj", "{1351F6D7-0E9B-4442-8DFC-831169D4C9E7}"
EndProject
Project("{FAE04EC0-301F-11D3-BF4B-00C04F79EFBC}") = "GestorPassword", "GestorPassword\GestorPassword.csproj", "{BEAE0E2A-2D37-4BEA-9EAA-F9245B39A048}"
EndProject
Global
	GlobalSection(SolutionConfigurationPlatforms) = preSolution
		Debug|Any CPU = Debug|Any CPU
		Release|Any CPU = Release|Any CPU
	EndGlobalSection
	GlobalSection(ProjectConfigurationPlatforms) = postSolution
		{786FEDA8-FCC5-4F85-98AE-936DC6FBD71B}.Debug|Any CPU.ActiveCfg = Debug|Any CPU
		{786FEDA8-FCC5-4F85-98AE-936DC6FBD71B}.Debug|Any CPU.Build.0 = Debug|Any CPU
		{786FEDA8-FCC5-4F85-98AE-936DC6FBD71B}.Release|Any CPU.ActiveCfg = Release|Any CPU
		{786FEDA8-FCC5-4F85-98AE-936DC6FBD71B}.Release|Any CPU.Build.0 = Release|Any CPU
		{5ADF76AF-F9FB-4D6A-8601-7AAC357DB547}.Debug|Any CPU.ActiveCfg = Debug|Any CPU
		{5ADF76AF-F9FB-4D6A-8601-7AAC357DB547}.Debug|Any CPU.Build.0 = Debug|Any CPU
		{5ADF76AF-F9FB-4D6A-8601-7AAC357DB547}.Release|Any CPU.ActiveCfg = Release|Any CPU
		{5ADF76AF-F9FB-4D6A-8601-7AAC357DB547}.Release|Any CPU.Build.0 = Release|Any CPU
		{BB9CF56E-4279-42A3-9CAD-4D0760475184}.Debug|Any CPU.ActiveCfg = Debug|Any CPU
		{BB9CF56E-4279-42A3-9CAD-4D0760475184}.Debug|Any CPU.Build.0 = Debug|Any CPU
		{BB9CF56E-4279-42A3-9CAD-4D0760475184}.Release|Any CPU.ActiveCfg = Release|Any CPU
		{BB9CF56E-4279-42A3-9CAD-4D0760475184}.Release|Any CPU.Build.0 = Release|Any CPU
		{208C801B-70BB-4942-8DAF-EAA2DE6D9463}.Debug|Any CPU.ActiveCfg = Debug|Any CPU
		{208C801B-70BB-4942-8DAF-EAA2DE6D9463}.Debug|Any CPU.Build.0 = Debug|Any CPU
		{208C801B-70BB-4942-8DAF-EAA2DE6D9463}.Release|Any CPU.ActiveCfg = Release|Any CPU
		{208C801B-70BB-4942-8DAF-EAA2DE6D9463}.Release|Any CPU.Build.0 = Release|Any CPU
		{1351F6D7-0E9B-4442-8DFC-831169D4C9E7}.Debug|Any CPU.ActiveCfg = Debug|Any CPU
		{1351F6D7-0E9B-4442-8DFC-831169D4C9E7}.Debug|Any CPU.Build.0 = Debug|Any CPU
		{1351F6D7-0E9B-4442-8DFC-831169D4C9E7}.Release|Any CPU.ActiveCfg = Release|Any CPU
		{1351F6D7-0E9B-4442-8DFC-831169D4C9E7}.Release|Any CPU.Build.0 = Release|Any CPU
		{BEAE0E2A-2D37-4BEA-9EAA-F9245B39A048}.Debug|Any CPU.ActiveCfg = Debug|Any CPU
		{BEAE0E2A-2D37-4BEA-9EAA-F9245B39A048}.Debug|Any CPU.Build.0 = Debug|Any CPU
		{BEAE0E2A-2D37-4BEA-9EAA-F9245B39A048}.Release|Any CPU.ActiveCfg = Release|Any CPU
		{BEAE0E2A-2D37-4BEA-9EAA-F9245B39A048}.Release|Any CPU.Build.0 = Release|Any CPU
	EndGlobalSection
	GlobalSection(SolutionProperties) = preSolution
		HideSolutionNode = FALSE
	EndGlobalSection
	GlobalSection(NestedProjects) = preSolution
		{786FEDA8-FCC5-4F85-98AE-936DC6FBD71B} = {B9294E25-E299-40E7-A664-E35995DB3A16}
		{C2C5FB52-00D6-49F9-A15E-EAAACB51304E} = {D96DCEBF-742F-411C-A159-AA3FCEDD5E7B}
		{4EE18CA1-9DFD-41F3-83C6-66989CA78A3E} = {D96DCEBF-742F-411C-A159-AA3FCEDD5E7B}
		{B9294E25-E299-40E7-A664-E35995DB3A16} = {D96DCEBF-742F-411C-A159-AA3FCEDD5E7B}
		{5ADF76AF-F9FB-4D6A-8601-7AAC357DB547} = {B9294E25-E299-40E7-A664-E35995DB3A16}
		{BB9CF56E-4279-42A3-9CAD-4D0760475184} = {C2C5FB52-00D6-49F9-A15E-EAAACB51304E}
		{208C801B-70BB-4942-8DAF-EAA2DE6D9463} = {C2C5FB52-00D6-49F9-A15E-EAAACB51304E}
		{1351F6D7-0E9B-4442-8DFC-831169D4C9E7} = {B9294E25-E299-40E7-A664-E35995DB3A16}
		{BEAE0E2A-2D37-4BEA-9EAA-F9245B39A048} = {4EE18CA1-9DFD-41F3-83C6-66989CA78A3E}
	EndGlobalSection
	GlobalSection(ExtensibilityGlobals) = postSolution
		SolutionGuid = {31684B5B-AB07-42E6-9567-37B6E408A1E5}
	EndGlobalSection
EndGlobal
